
Microsoft Visual Studio Solution File, Format Version 12.00
# Visual Studio Version 17
VisualStudioVersion = 17.8.34309.116
MinimumVisualStudioVersion = 10.0.40219.1
Project("{8BC9CEB8-8B4A-11D0-8D11-00A0C91BC942}") = "Pointer", "Pointer.vcxproj", "{496D8E82-FDDC-4840-BF4F-CE757ED01AA7}"
EndProject
Project("{2150E333-8FDC-42A3-9474-1A3956D46DE8}") = "CH02", "CH02", "{3CA723CA-A519-4813-A8AC-C0EB8B9099FB}"
EndProject
Project("{8BC9CEB8-8B4A-11D0-8D11-00A0C91BC942}") = "Ch2", "..\Ch2\Ch2.vcxproj", "{8AECD1CA-8825-44E5-8F02-C95BF1B2C229}"
EndProject
Project("{2150E333-8FDC-42A3-9474-1A3956D46DE8}") = "Input", "Input", "{71D40E90-4A85-4F81-8075-F4482B8956BB}"
EndProject
Project("{8BC9CEB8-8B4A-11D0-8D11-00A0C91BC942}") = "PlayerInput", "..\PlayerInput\PlayerInput.vcxproj", "{DEF77D31-8A58-4CB3-83DC-A13AE8FCCDD0}"
EndProject
Project("{2150E333-8FDC-42A3-9474-1A3956D46DE8}") = "CH03", "CH03", "{0E31D971-22A3-49C4-9464-0C2B6CEFFBD6}"
EndProject
Project("{8BC9CEB8-8B4A-11D0-8D11-00A0C91BC942}") = "Ch3", "..\Ch3\Ch3.vcxproj", "{C728BF28-7D7E-4D10-A5BF-E683E0DB9AD8}"
EndProject
Project("{2150E333-8FDC-42A3-9474-1A3956D46DE8}") = "CH04", "CH04", "{A8D6C2D6-9566-40C3-A797-AB5D632A08A8}"
EndProject
Project("{8BC9CEB8-8B4A-11D0-8D11-00A0C91BC942}") = "Ch04", "..\Ch04\Ch04.vcxproj", "{DC0F4BEF-D77F-41FA-B225-EC4B0204D4BA}"
EndProject
Project("{2150E333-8FDC-42A3-9474-1A3956D46DE8}") = "CH05", "CH05", "{F316B323-9151-4348-9C35-C95B2C2DCA3D}"
EndProject
Project("{8BC9CEB8-8B4A-11D0-8D11-00A0C91BC942}") = "Ch05", "..\Ch05\Ch05.vcxproj", "{5FCE98E9-EF46-4AC0-B8B1-A014F2A312CB}"
EndProject
Project("{2150E333-8FDC-42A3-9474-1A3956D46DE8}") = "CH06", "CH06", "{C8D5274F-AC00-46C7-1F8D-E88E81087A52}"
EndProject
Project("{8BC9CEB8-8B4A-11D0-8D11-00A0C91BC942}") = "Ch06", "..\Ch06\Ch06.vcxproj", "{2FFD51C1-C1C8-4ED7-A22B-108DDFF57730}"
EndProject
Project("{2150E333-8FDC-42A3-9474-1A3956D46DE8}") = "CH07", "CH07", "{14C12523-CDE1-48CF-AEAE-B4BBCE868D22}"
EndProject
Project("{8BC9CEB8-8B4A-11D0-8D11-00A0C91BC942}") = "Ch07", "..\Ch07\Ch07.vcxproj", "{35ED988C-F21B-4EBE-A64B-FADC2A890629}"
EndProject
Project("{2150E333-8FDC-42A3-9474-1A3956D46DE8}") = "CH08", "CH08", "{302C63B5-318C-4DFC-9A1E-9E52497A34A3}"
EndProject
Project("{8BC9CEB8-8B4A-11D0-8D11-00A0C91BC942}") = "Ch08", "..\Ch08\Ch08.vcxproj", "{8BC8EEBD-DE4E-4D5D-94E5-79381557CC32}"
EndProject
Project("{2150E333-8FDC-42A3-9474-1A3956D46DE8}") = "CH09", "CH09", "{BC8755F0-9DE6-4D8F-8BDC-1BB0FA25BC6B}"
EndProject
Project("{8BC9CEB8-8B4A-11D0-8D11-00A0C91BC942}") = "Ch09", "..\Ch09\Ch09.vcxproj", "{54E391DF-0121-4B9D-B495-8965F7634C35}"
EndProject
Global
	GlobalSection(SolutionConfigurationPlatforms) = preSolution
		Debug|x64 = Debug|x64
		Debug|x86 = Debug|x86
		Release|x64 = Release|x64
		Release|x86 = Release|x86
	EndGlobalSection
	GlobalSection(ProjectConfigurationPlatforms) = postSolution
		{496D8E82-FDDC-4840-BF4F-CE757ED01AA7}.Debug|x64.ActiveCfg = Debug|x64
		{496D8E82-FDDC-4840-BF4F-CE757ED01AA7}.Debug|x64.Build.0 = Debug|x64
		{496D8E82-FDDC-4840-BF4F-CE757ED01AA7}.Debug|x86.ActiveCfg = Debug|Win32
		{496D8E82-FDDC-4840-BF4F-CE757ED01AA7}.Debug|x86.Build.0 = Debug|Win32
		{496D8E82-FDDC-4840-BF4F-CE757ED01AA7}.Release|x64.ActiveCfg = Release|x64
		{496D8E82-FDDC-4840-BF4F-CE757ED01AA7}.Release|x64.Build.0 = Release|x64
		{496D8E82-FDDC-4840-BF4F-CE757ED01AA7}.Release|x86.ActiveCfg = Release|Win32
		{496D8E82-FDDC-4840-BF4F-CE757ED01AA7}.Release|x86.Build.0 = Release|Win32
		{8AECD1CA-8825-44E5-8F02-C95BF1B2C229}.Debug|x64.ActiveCfg = Debug|x64
		{8AECD1CA-8825-44E5-8F02-C95BF1B2C229}.Debug|x64.Build.0 = Debug|x64
		{8AECD1CA-8825-44E5-8F02-C95BF1B2C229}.Debug|x86.ActiveCfg = Debug|Win32
		{8AECD1CA-8825-44E5-8F02-C95BF1B2C229}.Debug|x86.Build.0 = Debug|Win32
		{8AECD1CA-8825-44E5-8F02-C95BF1B2C229}.Release|x64.ActiveCfg = Release|x64
		{8AECD1CA-8825-44E5-8F02-C95BF1B2C229}.Release|x64.Build.0 = Release|x64
		{8AECD1CA-8825-44E5-8F02-C95BF1B2C229}.Release|x86.ActiveCfg = Release|Win32
		{8AECD1CA-8825-44E5-8F02-C95BF1B2C229}.Release|x86.Build.0 = Release|Win32
		{DEF77D31-8A58-4CB3-83DC-A13AE8FCCDD0}.Debug|x64.ActiveCfg = Debug|x64
		{DEF77D31-8A58-4CB3-83DC-A13AE8FCCDD0}.Debug|x64.Build.0 = Debug|x64
		{DEF77D31-8A58-4CB3-83DC-A13AE8FCCDD0}.Debug|x86.ActiveCfg = Debug|Win32
		{DEF77D31-8A58-4CB3-83DC-A13AE8FCCDD0}.Debug|x86.Build.0 = Debug|Win32
		{DEF77D31-8A58-4CB3-83DC-A13AE8FCCDD0}.Release|x64.ActiveCfg = Release|x64
		{DEF77D31-8A58-4CB3-83DC-A13AE8FCCDD0}.Release|x64.Build.0 = Release|x64
		{DEF77D31-8A58-4CB3-83DC-A13AE8FCCDD0}.Release|x86.ActiveCfg = Release|Win32
		{DEF77D31-8A58-4CB3-83DC-A13AE8FCCDD0}.Release|x86.Build.0 = Release|Win32
		{C728BF28-7D7E-4D10-A5BF-E683E0DB9AD8}.Debug|x64.ActiveCfg = Debug|x64
		{C728BF28-7D7E-4D10-A5BF-E683E0DB9AD8}.Debug|x64.Build.0 = Debug|x64
		{C728BF28-7D7E-4D10-A5BF-E683E0DB9AD8}.Debug|x86.ActiveCfg = Debug|Win32
		{C728BF28-7D7E-4D10-A5BF-E683E0DB9AD8}.Debug|x86.Build.0 = Debug|Win32
		{C728BF28-7D7E-4D10-A5BF-E683E0DB9AD8}.Release|x64.ActiveCfg = Release|x64
		{C728BF28-7D7E-4D10-A5BF-E683E0DB9AD8}.Release|x64.Build.0 = Release|x64
		{C728BF28-7D7E-4D10-A5BF-E683E0DB9AD8}.Release|x86.ActiveCfg = Release|Win32
		{C728BF28-7D7E-4D10-A5BF-E683E0DB9AD8}.Release|x86.Build.0 = Release|Win32
		{DC0F4BEF-D77F-41FA-B225-EC4B0204D4BA}.Debug|x64.ActiveCfg = Debug|x64
		{DC0F4BEF-D77F-41FA-B225-EC4B0204D4BA}.Debug|x64.Build.0 = Debug|x64
		{DC0F4BEF-D77F-41FA-B225-EC4B0204D4BA}.Debug|x86.ActiveCfg = Debug|Win32
		{DC0F4BEF-D77F-41FA-B225-EC4B0204D4BA}.Debug|x86.Build.0 = Debug|Win32
		{DC0F4BEF-D77F-41FA-B225-EC4B0204D4BA}.Release|x64.ActiveCfg = Release|x64
		{DC0F4BEF-D77F-41FA-B225-EC4B0204D4BA}.Release|x64.Build.0 = Release|x64
		{DC0F4BEF-D77F-41FA-B225-EC4B0204D4BA}.Release|x86.ActiveCfg = Release|Win32
		{DC0F4BEF-D77F-41FA-B225-EC4B0204D4BA}.Release|x86.Build.0 = Release|Win32
		{5FCE98E9-EF46-4AC0-B8B1-A014F2A312CB}.Debug|x64.ActiveCfg = Debug|x64
		{5FCE98E9-EF46-4AC0-B8B1-A014F2A312CB}.Debug|x64.Build.0 = Debug|x64
		{5FCE98E9-EF46-4AC0-B8B1-A014F2A312CB}.Debug|x86.ActiveCfg = Debug|Win32
		{5FCE98E9-EF46-4AC0-B8B1-A014F2A312CB}.Debug|x86.Build.0 = Debug|Win32
		{5FCE98E9-EF46-4AC0-B8B1-A014F2A312CB}.Release|x64.ActiveCfg = Release|x64
		{5FCE98E9-EF46-4AC0-B8B1-A014F2A312CB}.Release|x64.Build.0 = Release|x64
		{5FCE98E9-EF46-4AC0-B8B1-A014F2A312CB}.Release|x86.ActiveCfg = Release|Win32
		{5FCE98E9-EF46-4AC0-B8B1-A014F2A312CB}.Release|x86.Build.0 = Release|Win32
		{2FFD51C1-C1C8-4ED7-A22B-108DDFF57730}.Debug|x64.ActiveCfg = Debug|x64
		{2FFD51C1-C1C8-4ED7-A22B-108DDFF57730}.Debug|x64.Build.0 = Debug|x64
		{2FFD51C1-C1C8-4ED7-A22B-108DDFF57730}.Debug|x86.ActiveCfg = Debug|Win32
		{2FFD51C1-C1C8-4ED7-A22B-108DDFF57730}.Debug|x86.Build.0 = Debug|Win32
		{2FFD51C1-C1C8-4ED7-A22B-108DDFF57730}.Release|x64.ActiveCfg = Release|x64
		{2FFD51C1-C1C8-4ED7-A22B-108DDFF57730}.Release|x64.Build.0 = Release|x64
		{2FFD51C1-C1C8-4ED7-A22B-108DDFF57730}.Release|x86.ActiveCfg = Release|Win32
		{2FFD51C1-C1C8-4ED7-A22B-108DDFF57730}.Release|x86.Build.0 = Release|Win32
		{35ED988C-F21B-4EBE-A64B-FADC2A890629}.Debug|x64.ActiveCfg = Debug|x64
		{35ED988C-F21B-4EBE-A64B-FADC2A890629}.Debug|x64.Build.0 = Debug|x64
		{35ED988C-F21B-4EBE-A64B-FADC2A890629}.Debug|x86.ActiveCfg = Debug|Win32
		{35ED988C-F21B-4EBE-A64B-FADC2A890629}.Debug|x86.Build.0 = Debug|Win32
		{35ED988C-F21B-4EBE-A64B-FADC2A890629}.Release|x64.ActiveCfg = Release|x64
		{35ED988C-F21B-4EBE-A64B-FADC2A890629}.Release|x64.Build.0 = Release|x64
		{35ED988C-F21B-4EBE-A64B-FADC2A890629}.Release|x86.ActiveCfg = Release|Win32
		{35ED988C-F21B-4EBE-A64B-FADC2A890629}.Release|x86.Build.0 = Release|Win32
		{8BC8EEBD-DE4E-4D5D-94E5-79381557CC32}.Debug|x64.ActiveCfg = Debug|x64
		{8BC8EEBD-DE4E-4D5D-94E5-79381557CC32}.Debug|x64.Build.0 = Debug|x64
		{8BC8EEBD-DE4E-4D5D-94E5-79381557CC32}.Debug|x86.ActiveCfg = Debug|Win32
		{8BC8EEBD-DE4E-4D5D-94E5-79381557CC32}.Debug|x86.Build.0 = Debug|Win32
		{8BC8EEBD-DE4E-4D5D-94E5-79381557CC32}.Release|x64.ActiveCfg = Release|x64
		{8BC8EEBD-DE4E-4D5D-94E5-79381557CC32}.Release|x64.Build.0 = Release|x64
		{8BC8EEBD-DE4E-4D5D-94E5-79381557CC32}.Release|x86.ActiveCfg = Release|Win32
		{8BC8EEBD-DE4E-4D5D-94E5-79381557CC32}.Release|x86.Build.0 = Release|Win32
		{54E391DF-0121-4B9D-B495-8965F7634C35}.Debug|x64.ActiveCfg = Debug|x64
		{54E391DF-0121-4B9D-B495-8965F7634C35}.Debug|x64.Build.0 = Debug|x64
		{54E391DF-0121-4B9D-B495-8965F7634C35}.Debug|x86.ActiveCfg = Debug|Win32
		{54E391DF-0121-4B9D-B495-8965F7634C35}.Debug|x86.Build.0 = Debug|Win32
		{54E391DF-0121-4B9D-B495-8965F7634C35}.Release|x64.ActiveCfg = Release|x64
		{54E391DF-0121-4B9D-B495-8965F7634C35}.Release|x64.Build.0 = Release|x64
		{54E391DF-0121-4B9D-B495-8965F7634C35}.Release|x86.ActiveCfg = Release|Win32
		{54E391DF-0121-4B9D-B495-8965F7634C35}.Release|x86.Build.0 = Release|Win32
	EndGlobalSection
	GlobalSection(SolutionProperties) = preSolution
		HideSolutionNode = FALSE
	EndGlobalSection
	GlobalSection(NestedProjects) = preSolution
		{8AECD1CA-8825-44E5-8F02-C95BF1B2C229} = {3CA723CA-A519-4813-A8AC-C0EB8B9099FB}
		{DEF77D31-8A58-4CB3-83DC-A13AE8FCCDD0} = {71D40E90-4A85-4F81-8075-F4482B8956BB}
		{C728BF28-7D7E-4D10-A5BF-E683E0DB9AD8} = {0E31D971-22A3-49C4-9464-0C2B6CEFFBD6}
		{DC0F4BEF-D77F-41FA-B225-EC4B0204D4BA} = {A8D6C2D6-9566-40C3-A797-AB5D632A08A8}
		{5FCE98E9-EF46-4AC0-B8B1-A014F2A312CB} = {F316B323-9151-4348-9C35-C95B2C2DCA3D}
		{2FFD51C1-C1C8-4ED7-A22B-108DDFF57730} = {C8D5274F-AC00-46C7-1F8D-E88E81087A52}
		{35ED988C-F21B-4EBE-A64B-FADC2A890629} = {14C12523-CDE1-48CF-AEAE-B4BBCE868D22}
		{8BC8EEBD-DE4E-4D5D-94E5-79381557CC32} = {302C63B5-318C-4DFC-9A1E-9E52497A34A3}
		{54E391DF-0121-4B9D-B495-8965F7634C35} = {BC8755F0-9DE6-4D8F-8BDC-1BB0FA25BC6B}
	EndGlobalSection
	GlobalSection(ExtensibilityGlobals) = postSolution
		SolutionGuid = {3F635EB6-B17A-4155-B13C-22DC99F4A88D}
	EndGlobalSection
EndGlobal
